
Microsoft Visual Studio Solution File, Format Version 12.00
# Visual Studio Version 16
VisualStudioVersion = 16.0.31829.152
MinimumVisualStudioVersion = 10.0.40219.1
Project("{FAE04EC0-301F-11D3-BF4B-00C04F79EFBC}") = "clarcd2_cicd_webapp", "clarcd2_cicd_webapp.csproj", "{DF5A0A2B-B25A-41E5-BB5C-2B227075D467}"
EndProject
Global
	GlobalSection(SolutionConfigurationPlatforms) = preSolution
		Debug|Any CPU = Debug|Any CPU
		Release|Any CPU = Release|Any CPU
	EndGlobalSection
	GlobalSection(ProjectConfigurationPlatforms) = postSolution
		{DF5A0A2B-B25A-41E5-BB5C-2B227075D467}.Debug|Any CPU.ActiveCfg = Debug|Any CPU
		{DF5A0A2B-B25A-41E5-BB5C-2B227075D467}.Debug|Any CPU.Build.0 = Debug|Any CPU
		{DF5A0A2B-B25A-41E5-BB5C-2B227075D467}.Release|Any CPU.ActiveCfg = Release|Any CPU
		{DF5A0A2B-B25A-41E5-BB5C-2B227075D467}.Release|Any CPU.Build.0 = Release|Any CPU
	EndGlobalSection
	GlobalSection(SolutionProperties) = preSolution
		HideSolutionNode = FALSE
	EndGlobalSection
	GlobalSection(ExtensibilityGlobals) = postSolution
		SolutionGuid = {3878902E-947B-4E51-A736-B4C7152205B5}
	EndGlobalSection
EndGlobal
